
Microsoft Visual Studio Solution File, Format Version 12.00
# Visual Studio 15
VisualStudioVersion = 15.0.28307.438
MinimumVisualStudioVersion = 10.0.40219.1
Project("{FAE04EC0-301F-11D3-BF4B-00C04F79EFBC}") = "PrimalsConsole", "PrimalsConsole\PrimalsConsole.csproj", "{36A6EC31-6D38-4CD8-BDD7-7372ED246658}"
EndProject
Global
	GlobalSection(SolutionConfigurationPlatforms) = preSolution
		Debug|Any CPU = Debug|Any CPU
		Release|Any CPU = Release|Any CPU
	EndGlobalSection
	GlobalSection(ProjectConfigurationPlatforms) = postSolution
		{36A6EC31-6D38-4CD8-BDD7-7372ED246658}.Debug|Any CPU.ActiveCfg = Debug|Any CPU
		{36A6EC31-6D38-4CD8-BDD7-7372ED246658}.Debug|Any CPU.Build.0 = Debug|Any CPU
		{36A6EC31-6D38-4CD8-BDD7-7372ED246658}.Release|Any CPU.ActiveCfg = Release|Any CPU
		{36A6EC31-6D38-4CD8-BDD7-7372ED246658}.Release|Any CPU.Build.0 = Release|Any CPU
	EndGlobalSection
	GlobalSection(SolutionProperties) = preSolution
		HideSolutionNode = FALSE
	EndGlobalSection
	GlobalSection(ExtensibilityGlobals) = postSolution
		SolutionGuid = {D6CDEED7-4E8A-427D-998C-B23EE9147AFB}
	EndGlobalSection
EndGlobal
